{
  "originHash" : "6ca42c14ac700c92ef0efdea5e444641a8fb041ad614a5aef98fa64cc016c04e",
  "pins" : [
    {
      "identity" : "identity",
      "kind" : "remoteSourceControl",
      "location" : "https://github.com/Fleuronic/Identity",
      "state" : {
        "branch" : "master",
        "revision" : "a0a5d99bc543487e3785eb5700e277a2f1fcf4b5"
      }
    }
  ],
  "version" : 3
}
