{
  "originHash" : "27022da8e146e10e99eafb0b03f8f2853d1a62f9248795b813921cd90a03492b",
  "pins" : [
    {
      "identity" : "identity",
      "kind" : "remoteSourceControl",
      "location" : "https://github.com/jordanekay/Identity",
      "state" : {
        "branch" : "master",
        "revision" : "8764a54c8e5ef0d14f3dc2ec5c10223ed0411a4d"
      }
    }
  ],
  "version" : 3
}
