{
  "originHash" : "e9c7ba24080c07b38ff522b0fc8f7d0de623bf68ddd5ddeb928b12aa3e401fde",
  "pins" : [
    {
      "identity" : "identity",
      "kind" : "remoteSourceControl",
      "location" : "https://github.com/Fleuronic/Identity",
      "state" : {
        "branch" : "master",
        "revision" : "3dedc8db072d496a3b234fb0c452b97b987bf4c2"
      }
    },
    {
      "identity" : "initmacro",
      "kind" : "remoteSourceControl",
      "location" : "https://github.com/Fleuronic/InitMacro.git",
      "state" : {
        "branch" : "main",
        "revision" : "9b6feb35607a229194a7c28136d020f6b8ba3238"
      }
    },
    {
      "identity" : "swift-syntax",
      "kind" : "remoteSourceControl",
      "location" : "https://github.com/apple/swift-syntax",
      "state" : {
        "revision" : "08a2f0a9a30e0f705f79c9cfaca1f68b71bdc775",
        "version" : "510.0.0"
      }
    }
  ],
  "version" : 3
}
